
Microsoft Visual Studio Solution File, Format Version 12.00
# Visual Studio Version 17
VisualStudioVersion = 17.8.34330.188
MinimumVisualStudioVersion = 10.0.40219.1
Project("{FAE04EC0-301F-11D3-BF4B-00C04F79EFBC}") = "MindboxTest", "MindboxTest\MindboxTest.csproj", "{276B9F22-8F23-488F-93FB-7DB798A4C5DE}"
EndProject
Global
	GlobalSection(SolutionConfigurationPlatforms) = preSolution
		Debug|Any CPU = Debug|Any CPU
		Release|Any CPU = Release|Any CPU
	EndGlobalSection
	GlobalSection(ProjectConfigurationPlatforms) = postSolution
		{276B9F22-8F23-488F-93FB-7DB798A4C5DE}.Debug|Any CPU.ActiveCfg = Debug|Any CPU
		{276B9F22-8F23-488F-93FB-7DB798A4C5DE}.Debug|Any CPU.Build.0 = Debug|Any CPU
		{276B9F22-8F23-488F-93FB-7DB798A4C5DE}.Release|Any CPU.ActiveCfg = Release|Any CPU
		{276B9F22-8F23-488F-93FB-7DB798A4C5DE}.Release|Any CPU.Build.0 = Release|Any CPU
	EndGlobalSection
	GlobalSection(SolutionProperties) = preSolution
		HideSolutionNode = FALSE
	EndGlobalSection
	GlobalSection(ExtensibilityGlobals) = postSolution
		SolutionGuid = {D5955C90-47FF-4FC9-873E-0079B96FCE3D}
	EndGlobalSection
EndGlobal
